
Microsoft Visual Studio Solution File, Format Version 12.00
# Visual Studio Version 17
VisualStudioVersion = 17.11.35327.3
MinimumVisualStudioVersion = 10.0.40219.1
Project("{FAE04EC0-301F-11D3-BF4B-00C04F79EFBC}") = "transport-logistics-management-2026", "transport-logistic-management-2026\transport-logistics-management-2026.csproj", "{16BC29F4-E9D8-4B1A-932C-F0A5E8CF5EA1}"
EndProject
Project("{FAE04EC0-301F-11D3-BF4B-00C04F79EFBC}") = "business_logic", "business_logic\business_logic.csproj", "{0BDE59A8-E52E-41F3-B1F3-392A4A9D9246}"
EndProject
Project("{FAE04EC0-301F-11D3-BF4B-00C04F79EFBC}") = "data_access", "data_access\data_access.csproj", "{2B30134E-D277-4767-A17E-AD48583147FD}"
EndProject
Global
	GlobalSection(SolutionConfigurationPlatforms) = preSolution
		Debug|Any CPU = Debug|Any CPU
		Release|Any CPU = Release|Any CPU
	EndGlobalSection
	GlobalSection(ProjectConfigurationPlatforms) = postSolution
		{16BC29F4-E9D8-4B1A-932C-F0A5E8CF5EA1}.Debug|Any CPU.ActiveCfg = Debug|Any CPU
		{16BC29F4-E9D8-4B1A-932C-F0A5E8CF5EA1}.Debug|Any CPU.Build.0 = Debug|Any CPU
		{16BC29F4-E9D8-4B1A-932C-F0A5E8CF5EA1}.Release|Any CPU.ActiveCfg = Release|Any CPU
		{16BC29F4-E9D8-4B1A-932C-F0A5E8CF5EA1}.Release|Any CPU.Build.0 = Release|Any CPU
		{0BDE59A8-E52E-41F3-B1F3-392A4A9D9246}.Debug|Any CPU.ActiveCfg = Debug|Any CPU
		{0BDE59A8-E52E-41F3-B1F3-392A4A9D9246}.Debug|Any CPU.Build.0 = Debug|Any CPU
		{0BDE59A8-E52E-41F3-B1F3-392A4A9D9246}.Release|Any CPU.ActiveCfg = Release|Any CPU
		{0BDE59A8-E52E-41F3-B1F3-392A4A9D9246}.Release|Any CPU.Build.0 = Release|Any CPU
		{2B30134E-D277-4767-A17E-AD48583147FD}.Debug|Any CPU.ActiveCfg = Debug|Any CPU
		{2B30134E-D277-4767-A17E-AD48583147FD}.Debug|Any CPU.Build.0 = Debug|Any CPU
		{2B30134E-D277-4767-A17E-AD48583147FD}.Release|Any CPU.ActiveCfg = Release|Any CPU
		{2B30134E-D277-4767-A17E-AD48583147FD}.Release|Any CPU.Build.0 = Release|Any CPU
	EndGlobalSection
	GlobalSection(SolutionProperties) = preSolution
		HideSolutionNode = FALSE
	EndGlobalSection
	GlobalSection(ExtensibilityGlobals) = postSolution
		SolutionGuid = {0D591771-635B-4F04-A25A-188EB3F95074}
	EndGlobalSection
EndGlobal
